// !$*UTF8*$!
{
	archiveVersion = 1;
	classes = {
	};
	objectVersion = 46;
	objects = {

/* Begin PBXBuildFile section */
		7640DEB915E837AB00061B47 /* UIKit.framework in Frameworks */ = {isa = PBXBuildFile; fileRef = 7640DEB815E837AB00061B47 /* UIKit.framework */; };
		7640DEBB15E837AB00061B47 /* Foundation.framework in Frameworks */ = {isa = PBXBuildFile; fileRef = 7640DEBA15E837AB00061B47 /* Foundation.framework */; };
		7640DEBD15E837AB00061B47 /* CoreGraphics.framework in Frameworks */ = {isa = PBXBuildFile; fileRef = 7640DEBC15E837AB00061B47 /* CoreGraphics.framework */; };
		7640DEC315E837AB00061B47 /* InfoPlist.strings in Resources */ = {isa = PBXBuildFile; fileRef = 7640DEC115E837AB00061B47 /* InfoPlist.strings */; };
		7640DEC515E837AB00061B47 /* main.m in Sources */ = {isa = PBXBuildFile; fileRef = 7640DEC415E837AB00061B47 /* main.m */; };
		7640DEC915E837AB00061B47 /* AppDelegate.m in Sources */ = {isa = PBXBuildFile; fileRef = 7640DEC815E837AB00061B47 /* AppDelegate.m */; };
		7640DECC15E837AB00061B47 /* ViewController.m in Sources */ = {isa = PBXBuildFile; fileRef = 7640DECB15E837AB00061B47 /* ViewController.m */; };
		7640DECF15E837AB00061B47 /* ViewController.xib in Resources */ = {isa = PBXBuildFile; fileRef = 7640DECD15E837AB00061B47 /* ViewController.xib */; };
		7640DED715E837AB00061B47 /* SenTestingKit.framework in Frameworks */ = {isa = PBXBuildFile; fileRef = 7640DED615E837AB00061B47 /* SenTestingKit.framework */; };
		7640DED815E837AB00061B47 /* UIKit.framework in Frameworks */ = {isa = PBXBuildFile; fileRef = 7640DEB815E837AB00061B47 /* UIKit.framework */; };
		7640DED915E837AB00061B47 /* Foundation.framework in Frameworks */ = {isa = PBXBuildFile; fileRef = 7640DEBA15E837AB00061B47 /* Foundation.framework */; };
		7640DEF615E83D6400061B47 /* mapaViewController.m in Sources */ = {isa = PBXBuildFile; fileRef = 7640DEF415E83D6400061B47 /* mapaViewController.m */; };
		7640DEF715E83D6400061B47 /* mapaViewController.xib in Resources */ = {isa = PBXBuildFile; fileRef = 7640DEF515E83D6400061B47 /* mapaViewController.xib */; };
		7640DEF915E83ECE00061B47 /* MapKit.framework in Frameworks */ = {isa = PBXBuildFile; fileRef = 7640DEF815E83ECE00061B47 /* MapKit.framework */; };
		A08E362C15EBB1EE004E763E /* musica.m in Sources */ = {isa = PBXBuildFile; fileRef = A08E362A15EBB1EE004E763E /* musica.m */; };
		A08E362D15EBB1EE004E763E /* musica.xib in Resources */ = {isa = PBXBuildFile; fileRef = A08E362B15EBB1EE004E763E /* musica.xib */; };
		A08E363015EBB417004E763E /* jo.png in Resources */ = {isa = PBXBuildFile; fileRef = A08E362F15EBB417004E763E /* jo.png */; };
		A08E363315EBB4CA004E763E /* pausa.PNG in Resources */ = {isa = PBXBuildFile; fileRef = A08E363115EBB4CA004E763E /* pausa.PNG */; };
		A08E363415EBB4CA004E763E /* play.PNG in Resources */ = {isa = PBXBuildFile; fileRef = A08E363215EBB4CA004E763E /* play.PNG */; };
		A08E363615EBB575004E763E /* button.png in Resources */ = {isa = PBXBuildFile; fileRef = A08E363515EBB575004E763E /* button.png */; };
		A08E363815EBBA3F004E763E /* AVFoundation.framework in Frameworks */ = {isa = PBXBuildFile; fileRef = A08E363715EBBA3E004E763E /* AVFoundation.framework */; };
		A08E363A15EBBE10004E763E /* 1-01 Countdown.mp3 in Resources */ = {isa = PBXBuildFile; fileRef = A08E363915EBBE10004E763E /* 1-01 Countdown.mp3 */; };
		A08E365315EBE201004E763E /* loc.m in Sources */ = {isa = PBXBuildFile; fileRef = A08E365215EBE201004E763E /* loc.m */; };
		A08E365515EBE56F004E763E /* stop.png in Resources */ = {isa = PBXBuildFile; fileRef = A08E365415EBE56F004E763E /* stop.png */; };
/* End PBXBuildFile section */

/* Begin PBXContainerItemProxy section */
		7640DEDA15E837AB00061B47 /* PBXContainerItemProxy */ = {
			isa = PBXContainerItemProxy;
			containerPortal = 7640DEAB15E837AB00061B47 /* Project object */;
			proxyType = 1;
			remoteGlobalIDString = 7640DEB315E837AB00061B47;
			remoteInfo = Mapamusic;
		};
/* End PBXContainerItemProxy section */

/* Begin PBXFileReference section */
		7640DEB415E837AB00061B47 /* Mapamusic.app */ = {isa = PBXFileReference; explicitFileType = wrapper.application; includeInIndex = 0; path = Mapamusic.app; sourceTree = BUILT_PRODUCTS_DIR; };
		7640DEB815E837AB00061B47 /* UIKit.framework */ = {isa = PBXFileReference; lastKnownFileType = wrapper.framework; name = UIKit.framework; path = System/Library/Frameworks/UIKit.framework; sourceTree = SDKROOT; };
		7640DEBA15E837AB00061B47 /* Foundation.framework */ = {isa = PBXFileReference; lastKnownFileType = wrapper.framework; name = Foundation.framework; path = System/Library/Frameworks/Foundation.framework; sourceTree = SDKROOT; };
		7640DEBC15E837AB00061B47 /* CoreGraphics.framework */ = {isa = PBXFileReference; lastKnownFileType = wrapper.framework; name = CoreGraphics.framework; path = System/Library/Frameworks/CoreGraphics.framework; sourceTree = SDKROOT; };
		7640DEC015E837AB00061B47 /* Mapamusic-Info.plist */ = {isa = PBXFileReference; lastKnownFileType = text.plist.xml; path = "Mapamusic-Info.plist"; sourceTree = "<group>"; };
		7640DEC215E837AB00061B47 /* en */ = {isa = PBXFileReference; lastKnownFileType = text.plist.strings; name = en; path = en.lproj/InfoPlist.strings; sourceTree = "<group>"; };
		7640DEC415E837AB00061B47 /* main.m */ = {isa = PBXFileReference; lastKnownFileType = sourcecode.c.objc; path = main.m; sourceTree = "<group>"; };
		7640DEC615E837AB00061B47 /* Mapamusic-Prefix.pch */ = {isa = PBXFileReference; lastKnownFileType = sourcecode.c.h; path = "Mapamusic-Prefix.pch"; sourceTree = "<group>"; };
		7640DEC715E837AB00061B47 /* AppDelegate.h */ = {isa = PBXFileReference; lastKnownFileType = sourcecode.c.h; path = AppDelegate.h; sourceTree = "<group>"; };
		7640DEC815E837AB00061B47 /* AppDelegate.m */ = {isa = PBXFileReference; lastKnownFileType = sourcecode.c.objc; path = AppDelegate.m; sourceTree = "<group>"; };
		7640DECA15E837AB00061B47 /* ViewController.h */ = {isa = PBXFileReference; lastKnownFileType = sourcecode.c.h; path = ViewController.h; sourceTree = "<group>"; };
		7640DECB15E837AB00061B47 /* ViewController.m */ = {isa = PBXFileReference; lastKnownFileType = sourcecode.c.objc; path = ViewController.m; sourceTree = "<group>"; };
		7640DECE15E837AB00061B47 /* en */ = {isa = PBXFileReference; lastKnownFileType = file.xib; name = en; path = en.lproj/ViewController.xib; sourceTree = "<group>"; };
		7640DED515E837AB00061B47 /* MapamusicTests.octest */ = {isa = PBXFileReference; explicitFileType = wrapper.cfbundle; includeInIndex = 0; path = MapamusicTests.octest; sourceTree = BUILT_PRODUCTS_DIR; };
		7640DED615E837AB00061B47 /* SenTestingKit.framework */ = {isa = PBXFileReference; lastKnownFileType = wrapper.framework; name = SenTestingKit.framework; path = Library/Frameworks/SenTestingKit.framework; sourceTree = DEVELOPER_DIR; };
		7640DEF315E83D6400061B47 /* mapaViewController.h */ = {isa = PBXFileReference; fileEncoding = 4; lastKnownFileType = sourcecode.c.h; name = mapaViewController.h; path = ../mapaViewController.h; sourceTree = "<group>"; };
		7640DEF415E83D6400061B47 /* mapaViewController.m */ = {isa = PBXFileReference; fileEncoding = 4; lastKnownFileType = sourcecode.c.objc; name = mapaViewController.m; path = ../mapaViewController.m; sourceTree = "<group>"; };
		7640DEF515E83D6400061B47 /* mapaViewController.xib */ = {isa = PBXFileReference; fileEncoding = 4; lastKnownFileType = file.xib; name = mapaViewController.xib; path = ../mapaViewController.xib; sourceTree = "<group>"; };
		7640DEF815E83ECE00061B47 /* MapKit.framework */ = {isa = PBXFileReference; lastKnownFileType = wrapper.framework; name = MapKit.framework; path = System/Library/Frameworks/MapKit.framework; sourceTree = SDKROOT; };
		A08E362915EBB1EE004E763E /* musica.h */ = {isa = PBXFileReference; fileEncoding = 4; lastKnownFileType = sourcecode.c.h; path = musica.h; sourceTree = "<group>"; };
		A08E362A15EBB1EE004E763E /* musica.m */ = {isa = PBXFileReference; fileEncoding = 4; lastKnownFileType = sourcecode.c.objc; path = musica.m; sourceTree = "<group>"; };
		A08E362B15EBB1EE004E763E /* musica.xib */ = {isa = PBXFileReference; fileEncoding = 4; lastKnownFileType = file.xib; path = musica.xib; sourceTree = "<group>"; };
		A08E362F15EBB417004E763E /* jo.png */ = {isa = PBXFileReference; lastKnownFileType = image.png; path = jo.png; sourceTree = "<group>"; };
		A08E363115EBB4CA004E763E /* pausa.PNG */ = {isa = PBXFileReference; lastKnownFileType = image.png; path = pausa.PNG; sourceTree = "<group>"; };
		A08E363215EBB4CA004E763E /* play.PNG */ = {isa = PBXFileReference; lastKnownFileType = image.png; path = play.PNG; sourceTree = "<group>"; };
		A08E363515EBB575004E763E /* button.png */ = {isa = PBXFileReference; lastKnownFileType = image.png; path = button.png; sourceTree = "<group>"; };
		A08E363715EBBA3E004E763E /* AVFoundation.framework */ = {isa = PBXFileReference; lastKnownFileType = wrapper.framework; name = AVFoundation.framework; path = System/Library/Frameworks/AVFoundation.framework; sourceTree = SDKROOT; };
		A08E363915EBBE10004E763E /* 1-01 Countdown.mp3 */ = {isa = PBXFileReference; lastKnownFileType = audio.mp3; path = "1-01 Countdown.mp3"; sourceTree = "<group>"; };
		A08E365115EBE201004E763E /* loc.h */ = {isa = PBXFileReference; fileEncoding = 4; lastKnownFileType = sourcecode.c.h; name = loc.h; path = ../loc.h; sourceTree = "<group>"; };
		A08E365215EBE201004E763E /* loc.m */ = {isa = PBXFileReference; fileEncoding = 4; lastKnownFileType = sourcecode.c.objc; name = loc.m; path = ../loc.m; sourceTree = "<group>"; };
		A08E365415EBE56F004E763E /* stop.png */ = {isa = PBXFileReference; lastKnownFileType = image.png; path = stop.png; sourceTree = "<group>"; };
/* End PBXFileReference section */

/* Begin PBXFrameworksBuildPhase section */
		7640DEB115E837AB00061B47 /* Frameworks */ = {
			isa = PBXFrameworksBuildPhase;
			buildActionMask = 2147483647;
			files = (
				A08E363815EBBA3F004E763E /* AVFoundation.framework in Frameworks */,
				7640DEF915E83ECE00061B47 /* MapKit.framework in Frameworks */,
				7640DEB915E837AB00061B47 /* UIKit.framework in Frameworks */,
				7640DEBB15E837AB00061B47 /* Foundation.framework in Frameworks */,
				7640DEBD15E837AB00061B47 /* CoreGraphics.framework in Frameworks */,
			);
			runOnlyForDeploymentPostprocessing = 0;
		};
		7640DED115E837AB00061B47 /* Frameworks */ = {
			isa = PBXFrameworksBuildPhase;
			buildActionMask = 2147483647;
			files = (
				7640DED715E837AB00061B47 /* SenTestingKit.framework in Frameworks */,
				7640DED815E837AB00061B47 /* UIKit.framework in Frameworks */,
				7640DED915E837AB00061B47 /* Foundation.framework in Frameworks */,
			);
			runOnlyForDeploymentPostprocessing = 0;
		};
/* End PBXFrameworksBuildPhase section */

/* Begin PBXGroup section */
		7640DEA915E837AB00061B47 = {
			isa = PBXGroup;
			children = (
				7640DEBE15E837AB00061B47 /* Mapamusic */,
				7640DEB715E837AB00061B47 /* Frameworks */,
				7640DEB515E837AB00061B47 /* Products */,
			);
			sourceTree = "<group>";
		};
		7640DEB515E837AB00061B47 /* Products */ = {
			isa = PBXGroup;
			children = (
				7640DEB415E837AB00061B47 /* Mapamusic.app */,
				7640DED515E837AB00061B47 /* MapamusicTests.octest */,
			);
			name = Products;
			sourceTree = "<group>";
		};
		7640DEB715E837AB00061B47 /* Frameworks */ = {
			isa = PBXGroup;
			children = (
				A08E363715EBBA3E004E763E /* AVFoundation.framework */,
				7640DEF815E83ECE00061B47 /* MapKit.framework */,
				7640DEB815E837AB00061B47 /* UIKit.framework */,
				7640DEBA15E837AB00061B47 /* Foundation.framework */,
				7640DEBC15E837AB00061B47 /* CoreGraphics.framework */,
				7640DED615E837AB00061B47 /* SenTestingKit.framework */,
			);
			name = Frameworks;
			sourceTree = "<group>";
		};
		7640DEBE15E837AB00061B47 /* Mapamusic */ = {
			isa = PBXGroup;
			children = (
				7640DEC715E837AB00061B47 /* AppDelegate.h */,
				7640DEC815E837AB00061B47 /* AppDelegate.m */,
				7640DECA15E837AB00061B47 /* ViewController.h */,
				7640DECB15E837AB00061B47 /* ViewController.m */,
				7640DEF315E83D6400061B47 /* mapaViewController.h */,
				7640DEF415E83D6400061B47 /* mapaViewController.m */,
				A08E362915EBB1EE004E763E /* musica.h */,
				A08E362A15EBB1EE004E763E /* musica.m */,
				A08E365115EBE201004E763E /* loc.h */,
				A08E365215EBE201004E763E /* loc.m */,
				A08E363915EBBE10004E763E /* 1-01 Countdown.mp3 */,
				7640DECD15E837AB00061B47 /* ViewController.xib */,
				A08E362B15EBB1EE004E763E /* musica.xib */,
				7640DEF515E83D6400061B47 /* mapaViewController.xib */,
				A08E363115EBB4CA004E763E /* pausa.PNG */,
				A08E363515EBB575004E763E /* button.png */,
				A08E363215EBB4CA004E763E /* play.PNG */,
				A08E365415EBE56F004E763E /* stop.png */,
				A08E362F15EBB417004E763E /* jo.png */,
				7640DEBF15E837AB00061B47 /* Supporting Files */,
			);
			path = Mapamusic;
			sourceTree = "<group>";
		};
		7640DEBF15E837AB00061B47 /* Supporting Files */ = {
			isa = PBXGroup;
			children = (
				7640DEC015E837AB00061B47 /* Mapamusic-Info.plist */,
				7640DEC115E837AB00061B47 /* InfoPlist.strings */,
				7640DEC415E837AB00061B47 /* main.m */,
				7640DEC615E837AB00061B47 /* Mapamusic-Prefix.pch */,
			);
			name = "Supporting Files";
			sourceTree = "<group>";
		};
/* End PBXGroup section */

/* Begin PBXNativeTarget section */
		7640DEB315E837AB00061B47 /* Mapamusic */ = {
			isa = PBXNativeTarget;
			buildConfigurationList = 7640DEE715E837AB00061B47 /* Build configuration list for PBXNativeTarget "Mapamusic" */;
			buildPhases = (
				7640DEB015E837AB00061B47 /* Sources */,
				7640DEB115E837AB00061B47 /* Frameworks */,
				7640DEB215E837AB00061B47 /* Resources */,
			);
			buildRules = (
			);
			dependencies = (
			);
			name = Mapamusic;
			productName = Mapamusic;
			productReference = 7640DEB415E837AB00061B47 /* Mapamusic.app */;
			productType = "com.apple.product-type.application";
		};
		7640DED415E837AB00061B47 /* MapamusicTests */ = {
			isa = PBXNativeTarget;
			buildConfigurationList = 7640DEEA15E837AB00061B47 /* Build configuration list for PBXNativeTarget "MapamusicTests" */;
			buildPhases = (
				7640DED015E837AB00061B47 /* Sources */,
				7640DED115E837AB00061B47 /* Frameworks */,
				7640DED215E837AB00061B47 /* Resources */,
				7640DED315E837AB00061B47 /* ShellScript */,
			);
			buildRules = (
			);
			dependencies = (
				7640DEDB15E837AB00061B47 /* PBXTargetDependency */,
			);
			name = MapamusicTests;
			productName = MapamusicTests;
			productReference = 7640DED515E837AB00061B47 /* MapamusicTests.octest */;
			productType = "com.apple.product-type.bundle";
		};
/* End PBXNativeTarget section */

/* Begin PBXProject section */
		7640DEAB15E837AB00061B47 /* Project object */ = {
			isa = PBXProject;
			attributes = {
				LastUpgradeCheck = 0460;
				ORGANIZATIONNAME = "Jonathan Olvera";
			};
			buildConfigurationList = 7640DEAE15E837AB00061B47 /* Build configuration list for PBXProject "Mapamusic" */;
			compatibilityVersion = "Xcode 3.2";
			developmentRegion = English;
			hasScannedForEncodings = 0;
			knownRegions = (
				en,
			);
			mainGroup = 7640DEA915E837AB00061B47;
			productRefGroup = 7640DEB515E837AB00061B47 /* Products */;
			projectDirPath = "";
			projectRoot = "";
			targets = (
				7640DEB315E837AB00061B47 /* Mapamusic */,
				7640DED415E837AB00061B47 /* MapamusicTests */,
			);
		};
/* End PBXProject section */

/* Begin PBXResourcesBuildPhase section */
		7640DEB215E837AB00061B47 /* Resources */ = {
			isa = PBXResourcesBuildPhase;
			buildActionMask = 2147483647;
			files = (
				7640DEC315E837AB00061B47 /* InfoPlist.strings in Resources */,
				7640DECF15E837AB00061B47 /* ViewController.xib in Resources */,
				7640DEF715E83D6400061B47 /* mapaViewController.xib in Resources */,
				A08E362D15EBB1EE004E763E /* musica.xib in Resources */,
				A08E363015EBB417004E763E /* jo.png in Resources */,
				A08E363315EBB4CA004E763E /* pausa.PNG in Resources */,
				A08E363415EBB4CA004E763E /* play.PNG in Resources */,
				A08E363615EBB575004E763E /* button.png in Resources */,
				A08E363A15EBBE10004E763E /* 1-01 Countdown.mp3 in Resources */,
				A08E365515EBE56F004E763E /* stop.png in Resources */,
			);
			runOnlyForDeploymentPostprocessing = 0;
		};
		7640DED215E837AB00061B47 /* Resources */ = {
			isa = PBXResourcesBuildPhase;
			buildActionMask = 2147483647;
			files = (
			);
			runOnlyForDeploymentPostprocessing = 0;
		};
/* End PBXResourcesBuildPhase section */

/* Begin PBXShellScriptBuildPhase section */
		7640DED315E837AB00061B47 /* ShellScript */ = {
			isa = PBXShellScriptBuildPhase;
			buildActionMask = 2147483647;
			files = (
			);
			inputPaths = (
			);
			outputPaths = (
			);
			runOnlyForDeploymentPostprocessing = 0;
			shellPath = /bin/sh;
			shellScript = "# Run the unit tests in this test bundle.\n\"${SYSTEM_DEVELOPER_DIR}/Tools/RunUnitTests\"\n";
		};
/* End PBXShellScriptBuildPhase section */

/* Begin PBXSourcesBuildPhase section */
		7640DEB015E837AB00061B47 /* Sources */ = {
			isa = PBXSourcesBuildPhase;
			buildActionMask = 2147483647;
			files = (
				7640DEC515E837AB00061B47 /* main.m in Sources */,
				7640DEC915E837AB00061B47 /* AppDelegate.m in Sources */,
				7640DECC15E837AB00061B47 /* ViewController.m in Sources */,
				7640DEF615E83D6400061B47 /* mapaViewController.m in Sources */,
				A08E362C15EBB1EE004E763E /* musica.m in Sources */,
				A08E365315EBE201004E763E /* loc.m in Sources */,
			);
			runOnlyForDeploymentPostprocessing = 0;
		};
		7640DED015E837AB00061B47 /* Sources */ = {
			isa = PBXSourcesBuildPhase;
			buildActionMask = 2147483647;
			files = (
			);
			runOnlyForDeploymentPostprocessing = 0;
		};
/* End PBXSourcesBuildPhase section */

/* Begin PBXTargetDependency section */
		7640DEDB15E837AB00061B47 /* PBXTargetDependency */ = {
			isa = PBXTargetDependency;
			target = 7640DEB315E837AB00061B47 /* Mapamusic */;
			targetProxy = 7640DEDA15E837AB00061B47 /* PBXContainerItemProxy */;
		};
/* End PBXTargetDependency section */

/* Begin PBXVariantGroup section */
		7640DEC115E837AB00061B47 /* InfoPlist.strings */ = {
			isa = PBXVariantGroup;
			children = (
				7640DEC215E837AB00061B47 /* en */,
			);
			name = InfoPlist.strings;
			sourceTree = "<group>";
		};
		7640DECD15E837AB00061B47 /* ViewController.xib */ = {
			isa = PBXVariantGroup;
			children = (
				7640DECE15E837AB00061B47 /* en */,
			);
			name = ViewController.xib;
			sourceTree = "<group>";
		};
/* End PBXVariantGroup section */

/* Begin XCBuildConfiguration section */
		7640DEE515E837AB00061B47 /* Debug */ = {
			isa = XCBuildConfiguration;
			buildSettings = {
				ALWAYS_SEARCH_USER_PATHS = NO;
				ARCHS = "$(ARCHS_STANDARD_32_BIT)";
				CLANG_CXX_LANGUAGE_STANDARD = "gnu++0x";
				CLANG_ENABLE_OBJC_ARC = YES;
				CLANG_WARN_CONSTANT_CONVERSION = YES;
				CLANG_WARN_ENUM_CONVERSION = YES;
				CLANG_WARN_INT_CONVERSION = YES;
				CLANG_WARN__DUPLICATE_METHOD_MATCH = YES;
				"CODE_SIGN_IDENTITY[sdk=iphoneos*]" = "iPhone Developer";
				COPY_PHASE_STRIP = NO;
				GCC_C_LANGUAGE_STANDARD = gnu99;
				GCC_DYNAMIC_NO_PIC = NO;
				GCC_OPTIMIZATION_LEVEL = 0;
				GCC_PREPROCESSOR_DEFINITIONS = (
					"DEBUG=1",
					"$(inherited)",
				);
				GCC_SYMBOLS_PRIVATE_EXTERN = NO;
				GCC_VERSION = com.apple.compilers.llvm.clang.1_0;
				GCC_WARN_ABOUT_RETURN_TYPE = YES;
				GCC_WARN_UNINITIALIZED_AUTOS = YES;
				GCC_WARN_UNUSED_VARIABLE = YES;
				IPHONEOS_DEPLOYMENT_TARGET = 5.1;
				SDKROOT = iphoneos;
			};
			name = Debug;
		};
		7640DEE615E837AB00061B47 /* Release */ = {
			isa = XCBuildConfiguration;
			buildSettings = {
				ALWAYS_SEARCH_USER_PATHS = NO;
				ARCHS = "$(ARCHS_STANDARD_32_BIT)";
				CLANG_CXX_LANGUAGE_STANDARD = "gnu++0x";
				CLANG_ENABLE_OBJC_ARC = YES;
				CLANG_WARN_CONSTANT_CONVERSION = YES;
				CLANG_WARN_ENUM_CONVERSION = YES;
				CLANG_WARN_INT_CONVERSION = YES;
				CLANG_WARN__DUPLICATE_METHOD_MATCH = YES;
				"CODE_SIGN_IDENTITY[sdk=iphoneos*]" = "iPhone Developer";
				COPY_PHASE_STRIP = YES;
				GCC_C_LANGUAGE_STANDARD = gnu99;
				GCC_VERSION = com.apple.compilers.llvm.clang.1_0;
				GCC_WARN_ABOUT_RETURN_TYPE = YES;
				GCC_WARN_UNINITIALIZED_AUTOS = YES;
				GCC_WARN_UNUSED_VARIABLE = YES;
				IPHONEOS_DEPLOYMENT_TARGET = 5.1;
				OTHER_CFLAGS = "-DNS_BLOCK_ASSERTIONS=1";
				SDKROOT = iphoneos;
				VALIDATE_PRODUCT = YES;
			};
			name = Release;
		};
		7640DEE815E837AB00061B47 /* Debug */ = {
			isa = XCBuildConfiguration;
			buildSettings = {
				GCC_PRECOMPILE_PREFIX_HEADER = YES;
				GCC_PREFIX_HEADER = "Mapamusic/Mapamusic-Prefix.pch";
				INFOPLIST_FILE = "Mapamusic/Mapamusic-Info.plist";
				PRODUCT_NAME = "$(TARGET_NAME)";
				TARGETED_DEVICE_FAMILY = 1;
				WRAPPER_EXTENSION = app;
			};
			name = Debug;
		};
		7640DEE915E837AB00061B47 /* Release */ = {
			isa = XCBuildConfiguration;
			buildSettings = {
				GCC_PRECOMPILE_PREFIX_HEADER = YES;
				GCC_PREFIX_HEADER = "Mapamusic/Mapamusic-Prefix.pch";
				INFOPLIST_FILE = "Mapamusic/Mapamusic-Info.plist";
				PRODUCT_NAME = "$(TARGET_NAME)";
				TARGETED_DEVICE_FAMILY = 1;
				WRAPPER_EXTENSION = app;
			};
			name = Release;
		};
		7640DEEB15E837AB00061B47 /* Debug */ = {
			isa = XCBuildConfiguration;
			buildSettings = {
				BUNDLE_LOADER = "$(BUILT_PRODUCTS_DIR)/Mapamusic.app/Mapamusic";
				FRAMEWORK_SEARCH_PATHS = (
					"\"$(SDKROOT)/Developer/Library/Frameworks\"",
					"\"$(DEVELOPER_LIBRARY_DIR)/Frameworks\"",
				);
				GCC_PRECOMPILE_PREFIX_HEADER = YES;
				GCC_PREFIX_HEADER = "Mapamusic/Mapamusic-Prefix.pch";
				INFOPLIST_FILE = "MapamusicTests/MapamusicTests-Info.plist";
				PRODUCT_NAME = "$(TARGET_NAME)";
				TEST_HOST = "$(BUNDLE_LOADER)";
				WRAPPER_EXTENSION = octest;
			};
			name = Debug;
		};
		7640DEEC15E837AB00061B47 /* Release */ = {
			isa = XCBuildConfiguration;
			buildSettings = {
				BUNDLE_LOADER = "$(BUILT_PRODUCTS_DIR)/Mapamusic.app/Mapamusic";
				FRAMEWORK_SEARCH_PATHS = (
					"\"$(SDKROOT)/Developer/Library/Frameworks\"",
					"\"$(DEVELOPER_LIBRARY_DIR)/Frameworks\"",
				);
				GCC_PRECOMPILE_PREFIX_HEADER = YES;
				GCC_PREFIX_HEADER = "Mapamusic/Mapamusic-Prefix.pch";
				INFOPLIST_FILE = "MapamusicTests/MapamusicTests-Info.plist";
				PRODUCT_NAME = "$(TARGET_NAME)";
				TEST_HOST = "$(BUNDLE_LOADER)";
				WRAPPER_EXTENSION = octest;
			};
			name = Release;
		};
/* End XCBuildConfiguration section */

/* Begin XCConfigurationList section */
		7640DEAE15E837AB00061B47 /* Build configuration list for PBXProject "Mapamusic" */ = {
			isa = XCConfigurationList;
			buildConfigurations = (
				7640DEE515E837AB00061B47 /* Debug */,
				7640DEE615E837AB00061B47 /* Release */,
			);
			defaultConfigurationIsVisible = 0;
			defaultConfigurationName = Release;
		};
		7640DEE715E837AB00061B47 /* Build configuration list for PBXNativeTarget "Mapamusic" */ = {
			isa = XCConfigurationList;
			buildConfigurations = (
				7640DEE815E837AB00061B47 /* Debug */,
				7640DEE915E837AB00061B47 /* Release */,
			);
			defaultConfigurationIsVisible = 0;
			defaultConfigurationName = Release;
		};
		7640DEEA15E837AB00061B47 /* Build configuration list for PBXNativeTarget "MapamusicTests" */ = {
			isa = XCConfigurationList;
			buildConfigurations = (
				7640DEEB15E837AB00061B47 /* Debug */,
				7640DEEC15E837AB00061B47 /* Release */,
			);
			defaultConfigurationIsVisible = 0;
			defaultConfigurationName = Release;
		};
/* End XCConfigurationList section */
	};
	rootObject = 7640DEAB15E837AB00061B47 /* Project object */;
}
